// !$*UTF8*$!
{
	archiveVersion = 1;
	classes = {
	};
	objectVersion = 55;
	objects = {

/* Begin PBXBuildFile section */
		1F061B2D28D0DDB3006C6D1E /* OTPViewModel.swift in Sources */ = {isa = PBXBuildFile; fileRef = 1F061B2C28D0DDB3006C6D1E /* OTPViewModel.swift */; };
		1F061B2F28D0DE7D006C6D1E /* OTPVerificationView.swift in Sources */ = {isa = PBXBuildFile; fileRef = 1F061B2E28D0DE7D006C6D1E /* OTPVerificationView.swift */; };
		1F061B3128D3412B006C6D1E /* CountDownViewModel.swift in Sources */ = {isa = PBXBuildFile; fileRef = 1F061B3028D3412A006C6D1E /* CountDownViewModel.swift */; };
		1F061B3328D3C029006C6D1E /* AuthAction.swift in Sources */ = {isa = PBXBuildFile; fileRef = 1F061B3228D3C029006C6D1E /* AuthAction.swift */; };
		1F061B3528D3C12F006C6D1E /* AuthState.swift in Sources */ = {isa = PBXBuildFile; fileRef = 1F061B3428D3C12F006C6D1E /* AuthState.swift */; };
		1F061B3728D3C202006C6D1E /* AuthReducer.swift in Sources */ = {isa = PBXBuildFile; fileRef = 1F061B3628D3C202006C6D1E /* AuthReducer.swift */; };
		1F061B3928D8D2A2006C6D1E /* HomePageView.swift in Sources */ = {isa = PBXBuildFile; fileRef = 1F061B3828D8D2A1006C6D1E /* HomePageView.swift */; };
		1F061B3B28D9D3F9006C6D1E /* ViewExtension.swift in Sources */ = {isa = PBXBuildFile; fileRef = 1F061B3A28D9D3F9006C6D1E /* ViewExtension.swift */; };
		1F8E0E7228C229BC00C65950 /* PushCoinApp.swift in Sources */ = {isa = PBXBuildFile; fileRef = 1F8E0E7128C229BC00C65950 /* PushCoinApp.swift */; };
		1F8E0E7428C229BC00C65950 /* ContentView.swift in Sources */ = {isa = PBXBuildFile; fileRef = 1F8E0E7328C229BC00C65950 /* ContentView.swift */; };
		1F8E0E7628C229BD00C65950 /* Assets.xcassets in Resources */ = {isa = PBXBuildFile; fileRef = 1F8E0E7528C229BD00C65950 /* Assets.xcassets */; };
		1F8E0E7928C229BD00C65950 /* Preview Assets.xcassets in Resources */ = {isa = PBXBuildFile; fileRef = 1F8E0E7828C229BD00C65950 /* Preview Assets.xcassets */; };
		1F8E0E8228C2380600C65950 /* HoleTapBarView.swift in Sources */ = {isa = PBXBuildFile; fileRef = 1F8E0E8128C2380600C65950 /* HoleTapBarView.swift */; };
		1F8E0E8628C2B9E100C65950 /* MainView.swift in Sources */ = {isa = PBXBuildFile; fileRef = 1F8E0E8528C2B9E100C65950 /* MainView.swift */; };
		1F8E0E8828C2C2E800C65950 /* LandingView.swift in Sources */ = {isa = PBXBuildFile; fileRef = 1F8E0E8728C2C2E800C65950 /* LandingView.swift */; };
		1F8E0E8F28C5200400C65950 /* Store.swift in Sources */ = {isa = PBXBuildFile; fileRef = 1F8E0E8E28C5200400C65950 /* Store.swift */; };
		1F8E0E9128C5204500C65950 /* CounterState.swift in Sources */ = {isa = PBXBuildFile; fileRef = 1F8E0E9028C5204500C65950 /* CounterState.swift */; };
		1F8E0E9328C5206900C65950 /* AppState.swift in Sources */ = {isa = PBXBuildFile; fileRef = 1F8E0E9228C5206900C65950 /* AppState.swift */; };
		1F8E0E9528C5208000C65950 /* RootReducer.swift in Sources */ = {isa = PBXBuildFile; fileRef = 1F8E0E9428C5208000C65950 /* RootReducer.swift */; };
		1F8E0E9728C520DE00C65950 /* CounterAction.swift in Sources */ = {isa = PBXBuildFile; fileRef = 1F8E0E9628C520DE00C65950 /* CounterAction.swift */; };
		1F8E0E9928C520FA00C65950 /* CounterReducer.swift in Sources */ = {isa = PBXBuildFile; fileRef = 1F8E0E9828C520FA00C65950 /* CounterReducer.swift */; };
		1FAD2F2F28DA57FA003F84F1 /* SectionModel.swift in Sources */ = {isa = PBXBuildFile; fileRef = 1FAD2F2E28DA57FA003F84F1 /* SectionModel.swift */; };
		1FAD2F3128DA599A003F84F1 /* HomeSectionsView.swift in Sources */ = {isa = PBXBuildFile; fileRef = 1FAD2F3028DA599A003F84F1 /* HomeSectionsView.swift */; };
		1FAD2F3328DA5A15003F84F1 /* HomeSectionItemView.swift in Sources */ = {isa = PBXBuildFile; fileRef = 1FAD2F3228DA5A15003F84F1 /* HomeSectionItemView.swift */; };
		1FAD2F3528DA5A9D003F84F1 /* HomeSectionDetailView.swift in Sources */ = {isa = PBXBuildFile; fileRef = 1FAD2F3428DA5A9D003F84F1 /* HomeSectionDetailView.swift */; };
		1FAD2F3728DA5B5D003F84F1 /* HomeContentView.swift in Sources */ = {isa = PBXBuildFile; fileRef = 1FAD2F3628DA5B5D003F84F1 /* HomeContentView.swift */; };
		1FAD2F3A28DBA53F003F84F1 /* MapCoordinator.swift in Sources */ = {isa = PBXBuildFile; fileRef = 1FAD2F3928DBA53E003F84F1 /* MapCoordinator.swift */; };
		1FAD2F3C28DBA588003F84F1 /* MapView.swift in Sources */ = {isa = PBXBuildFile; fileRef = 1FAD2F3B28DBA588003F84F1 /* MapView.swift */; };
		1FAD2F3E28DBA607003F84F1 /* LocationManager.swift in Sources */ = {isa = PBXBuildFile; fileRef = 1FAD2F3D28DBA607003F84F1 /* LocationManager.swift */; };
		1FAD2F4028DBAD57003F84F1 /* MapPageView.swift in Sources */ = {isa = PBXBuildFile; fileRef = 1FAD2F3F28DBAD57003F84F1 /* MapPageView.swift */; };
		1FBB55CA28C76304009E3E7E /* RootView.swift in Sources */ = {isa = PBXBuildFile; fileRef = 1FBB55C928C76304009E3E7E /* RootView.swift */; };
		1FDA22F628C77CD900B2BD5B /* Redux.swift in Sources */ = {isa = PBXBuildFile; fileRef = 1FDA22F528C77CD900B2BD5B /* Redux.swift */; };
		1FDA22FA28C8A71C00B2BD5B /* PageAction.swift in Sources */ = {isa = PBXBuildFile; fileRef = 1FDA22F928C8A71B00B2BD5B /* PageAction.swift */; };
		1FDA22FC28C8A78000B2BD5B /* PageState.swift in Sources */ = {isa = PBXBuildFile; fileRef = 1FDA22FB28C8A78000B2BD5B /* PageState.swift */; };
		1FDA22FE28C8A81400B2BD5B /* PageReducer.swift in Sources */ = {isa = PBXBuildFile; fileRef = 1FDA22FD28C8A81400B2BD5B /* PageReducer.swift */; };
		1FDA230028CA088E00B2BD5B /* SocialPlateView.swift in Sources */ = {isa = PBXBuildFile; fileRef = 1FDA22FF28CA088D00B2BD5B /* SocialPlateView.swift */; };
		1FDA230B28CA1A4500B2BD5B /* ColorExtension.swift in Sources */ = {isa = PBXBuildFile; fileRef = 1FDA230A28CA1A4500B2BD5B /* ColorExtension.swift */; };
		1FDA230E28CA1F7800B2BD5B /* LabelledDividerView.swift in Sources */ = {isa = PBXBuildFile; fileRef = 1FDA230D28CA1F7800B2BD5B /* LabelledDividerView.swift */; };
		1FDA231128CA250600B2BD5B /* Color.swift in Sources */ = {isa = PBXBuildFile; fileRef = 1FDA231028CA250600B2BD5B /* Color.swift */; };
		1FDA231328CA2C1B00B2BD5B /* Font.swift in Sources */ = {isa = PBXBuildFile; fileRef = 1FDA231228CA2C1B00B2BD5B /* Font.swift */; };
		1FDA231528CA329700B2BD5B /* Geometry.swift in Sources */ = {isa = PBXBuildFile; fileRef = 1FDA231428CA329700B2BD5B /* Geometry.swift */; };
		1FDA231728CA3D8900B2BD5B /* Core.swift in Sources */ = {isa = PBXBuildFile; fileRef = 1FDA231628CA3D8900B2BD5B /* Core.swift */; };
		1FDA231928CA3FC200B2BD5B /* SignUpView.swift in Sources */ = {isa = PBXBuildFile; fileRef = 1FDA231828CA3FC200B2BD5B /* SignUpView.swift */; };
		1FDA231B28CA412A00B2BD5B /* SignUpWithEmailView.swift in Sources */ = {isa = PBXBuildFile; fileRef = 1FDA231A28CA412A00B2BD5B /* SignUpWithEmailView.swift */; };
		1FDA231D28CA4A4A00B2BD5B /* EyeSecureField.swift in Sources */ = {isa = PBXBuildFile; fileRef = 1FDA231C28CA4A4900B2BD5B /* EyeSecureField.swift */; };
		1FDA232228CA85B200B2BD5B /* CapsuleFieldStyle.swift in Sources */ = {isa = PBXBuildFile; fileRef = 1FDA232128CA85B200B2BD5B /* CapsuleFieldStyle.swift */; };
		1FDA232628CF44D400B2BD5B /* SignInWithEmailView.swift in Sources */ = {isa = PBXBuildFile; fileRef = 1FDA232528CF44D300B2BD5B /* SignInWithEmailView.swift */; };
/* End PBXBuildFile section */

/* Begin PBXFileReference section */
		1F061B2C28D0DDB3006C6D1E /* OTPViewModel.swift */ = {isa = PBXFileReference; lastKnownFileType = sourcecode.swift; path = OTPViewModel.swift; sourceTree = "<group>"; };
		1F061B2E28D0DE7D006C6D1E /* OTPVerificationView.swift */ = {isa = PBXFileReference; lastKnownFileType = sourcecode.swift; path = OTPVerificationView.swift; sourceTree = "<group>"; };
		1F061B3028D3412A006C6D1E /* CountDownViewModel.swift */ = {isa = PBXFileReference; lastKnownFileType = sourcecode.swift; path = CountDownViewModel.swift; sourceTree = "<group>"; };
		1F061B3228D3C029006C6D1E /* AuthAction.swift */ = {isa = PBXFileReference; lastKnownFileType = sourcecode.swift; path = AuthAction.swift; sourceTree = "<group>"; };
		1F061B3428D3C12F006C6D1E /* AuthState.swift */ = {isa = PBXFileReference; lastKnownFileType = sourcecode.swift; path = AuthState.swift; sourceTree = "<group>"; };
		1F061B3628D3C202006C6D1E /* AuthReducer.swift */ = {isa = PBXFileReference; lastKnownFileType = sourcecode.swift; path = AuthReducer.swift; sourceTree = "<group>"; };
		1F061B3828D8D2A1006C6D1E /* HomePageView.swift */ = {isa = PBXFileReference; lastKnownFileType = sourcecode.swift; path = HomePageView.swift; sourceTree = "<group>"; };
		1F061B3A28D9D3F9006C6D1E /* ViewExtension.swift */ = {isa = PBXFileReference; lastKnownFileType = sourcecode.swift; path = ViewExtension.swift; sourceTree = "<group>"; };
		1F8E0E6E28C229BC00C65950 /* PushCoin.app */ = {isa = PBXFileReference; explicitFileType = wrapper.application; includeInIndex = 0; path = PushCoin.app; sourceTree = BUILT_PRODUCTS_DIR; };
		1F8E0E7128C229BC00C65950 /* PushCoinApp.swift */ = {isa = PBXFileReference; lastKnownFileType = sourcecode.swift; path = PushCoinApp.swift; sourceTree = "<group>"; };
		1F8E0E7328C229BC00C65950 /* ContentView.swift */ = {isa = PBXFileReference; lastKnownFileType = sourcecode.swift; path = ContentView.swift; sourceTree = "<group>"; };
		1F8E0E7528C229BD00C65950 /* Assets.xcassets */ = {isa = PBXFileReference; lastKnownFileType = folder.assetcatalog; path = Assets.xcassets; sourceTree = "<group>"; };
		1F8E0E7828C229BD00C65950 /* Preview Assets.xcassets */ = {isa = PBXFileReference; lastKnownFileType = folder.assetcatalog; path = "Preview Assets.xcassets"; sourceTree = "<group>"; };
		1F8E0E7F28C22B3700C65950 /* Info.plist */ = {isa = PBXFileReference; lastKnownFileType = text.plist; path = Info.plist; sourceTree = "<group>"; };
		1F8E0E8128C2380600C65950 /* HoleTapBarView.swift */ = {isa = PBXFileReference; lastKnownFileType = sourcecode.swift; path = HoleTapBarView.swift; sourceTree = "<group>"; };
		1F8E0E8528C2B9E100C65950 /* MainView.swift */ = {isa = PBXFileReference; lastKnownFileType = sourcecode.swift; path = MainView.swift; sourceTree = "<group>"; };
		1F8E0E8728C2C2E800C65950 /* LandingView.swift */ = {isa = PBXFileReference; lastKnownFileType = sourcecode.swift; path = LandingView.swift; sourceTree = "<group>"; };
		1F8E0E8E28C5200400C65950 /* Store.swift */ = {isa = PBXFileReference; lastKnownFileType = sourcecode.swift; path = Store.swift; sourceTree = "<group>"; };
		1F8E0E9028C5204500C65950 /* CounterState.swift */ = {isa = PBXFileReference; lastKnownFileType = sourcecode.swift; path = CounterState.swift; sourceTree = "<group>"; };
		1F8E0E9228C5206900C65950 /* AppState.swift */ = {isa = PBXFileReference; lastKnownFileType = sourcecode.swift; path = AppState.swift; sourceTree = "<group>"; };
		1F8E0E9428C5208000C65950 /* RootReducer.swift */ = {isa = PBXFileReference; lastKnownFileType = sourcecode.swift; path = RootReducer.swift; sourceTree = "<group>"; };
		1F8E0E9628C520DE00C65950 /* CounterAction.swift */ = {isa = PBXFileReference; lastKnownFileType = sourcecode.swift; path = CounterAction.swift; sourceTree = "<group>"; };
		1F8E0E9828C520FA00C65950 /* CounterReducer.swift */ = {isa = PBXFileReference; lastKnownFileType = sourcecode.swift; path = CounterReducer.swift; sourceTree = "<group>"; };
		1FAD2F2E28DA57FA003F84F1 /* SectionModel.swift */ = {isa = PBXFileReference; lastKnownFileType = sourcecode.swift; path = SectionModel.swift; sourceTree = "<group>"; };
		1FAD2F3028DA599A003F84F1 /* HomeSectionsView.swift */ = {isa = PBXFileReference; lastKnownFileType = sourcecode.swift; path = HomeSectionsView.swift; sourceTree = "<group>"; };
		1FAD2F3228DA5A15003F84F1 /* HomeSectionItemView.swift */ = {isa = PBXFileReference; lastKnownFileType = sourcecode.swift; path = HomeSectionItemView.swift; sourceTree = "<group>"; };
		1FAD2F3428DA5A9D003F84F1 /* HomeSectionDetailView.swift */ = {isa = PBXFileReference; lastKnownFileType = sourcecode.swift; path = HomeSectionDetailView.swift; sourceTree = "<group>"; };
		1FAD2F3628DA5B5D003F84F1 /* HomeContentView.swift */ = {isa = PBXFileReference; lastKnownFileType = sourcecode.swift; path = HomeContentView.swift; sourceTree = "<group>"; };
		1FAD2F3928DBA53E003F84F1 /* MapCoordinator.swift */ = {isa = PBXFileReference; lastKnownFileType = sourcecode.swift; path = MapCoordinator.swift; sourceTree = "<group>"; };
		1FAD2F3B28DBA588003F84F1 /* MapView.swift */ = {isa = PBXFileReference; lastKnownFileType = sourcecode.swift; path = MapView.swift; sourceTree = "<group>"; };
		1FAD2F3D28DBA607003F84F1 /* LocationManager.swift */ = {isa = PBXFileReference; lastKnownFileType = sourcecode.swift; path = LocationManager.swift; sourceTree = "<group>"; };
		1FAD2F3F28DBAD57003F84F1 /* MapPageView.swift */ = {isa = PBXFileReference; lastKnownFileType = sourcecode.swift; path = MapPageView.swift; sourceTree = "<group>"; };
		1FBB55C928C76304009E3E7E /* RootView.swift */ = {isa = PBXFileReference; lastKnownFileType = sourcecode.swift; path = RootView.swift; sourceTree = "<group>"; };
		1FDA22F528C77CD900B2BD5B /* Redux.swift */ = {isa = PBXFileReference; lastKnownFileType = sourcecode.swift; path = Redux.swift; sourceTree = "<group>"; };
		1FDA22F928C8A71B00B2BD5B /* PageAction.swift */ = {isa = PBXFileReference; lastKnownFileType = sourcecode.swift; path = PageAction.swift; sourceTree = "<group>"; };
		1FDA22FB28C8A78000B2BD5B /* PageState.swift */ = {isa = PBXFileReference; lastKnownFileType = sourcecode.swift; path = PageState.swift; sourceTree = "<group>"; };
		1FDA22FD28C8A81400B2BD5B /* PageReducer.swift */ = {isa = PBXFileReference; lastKnownFileType = sourcecode.swift; path = PageReducer.swift; sourceTree = "<group>"; };
		1FDA22FF28CA088D00B2BD5B /* SocialPlateView.swift */ = {isa = PBXFileReference; lastKnownFileType = sourcecode.swift; path = SocialPlateView.swift; sourceTree = "<group>"; };
		1FDA230A28CA1A4500B2BD5B /* ColorExtension.swift */ = {isa = PBXFileReference; lastKnownFileType = sourcecode.swift; path = ColorExtension.swift; sourceTree = "<group>"; };
		1FDA230D28CA1F7800B2BD5B /* LabelledDividerView.swift */ = {isa = PBXFileReference; lastKnownFileType = sourcecode.swift; path = LabelledDividerView.swift; sourceTree = "<group>"; };
		1FDA231028CA250600B2BD5B /* Color.swift */ = {isa = PBXFileReference; lastKnownFileType = sourcecode.swift; path = Color.swift; sourceTree = "<group>"; };
		1FDA231228CA2C1B00B2BD5B /* Font.swift */ = {isa = PBXFileReference; lastKnownFileType = sourcecode.swift; path = Font.swift; sourceTree = "<group>"; };
		1FDA231428CA329700B2BD5B /* Geometry.swift */ = {isa = PBXFileReference; lastKnownFileType = sourcecode.swift; path = Geometry.swift; sourceTree = "<group>"; };
		1FDA231628CA3D8900B2BD5B /* Core.swift */ = {isa = PBXFileReference; lastKnownFileType = sourcecode.swift; path = Core.swift; sourceTree = "<group>"; };
		1FDA231828CA3FC200B2BD5B /* SignUpView.swift */ = {isa = PBXFileReference; lastKnownFileType = sourcecode.swift; path = SignUpView.swift; sourceTree = "<group>"; };
		1FDA231A28CA412A00B2BD5B /* SignUpWithEmailView.swift */ = {isa = PBXFileReference; lastKnownFileType = sourcecode.swift; path = SignUpWithEmailView.swift; sourceTree = "<group>"; };
		1FDA231C28CA4A4900B2BD5B /* EyeSecureField.swift */ = {isa = PBXFileReference; lastKnownFileType = sourcecode.swift; path = EyeSecureField.swift; sourceTree = "<group>"; };
		1FDA232128CA85B200B2BD5B /* CapsuleFieldStyle.swift */ = {isa = PBXFileReference; lastKnownFileType = sourcecode.swift; path = CapsuleFieldStyle.swift; sourceTree = "<group>"; };
		1FDA232528CF44D300B2BD5B /* SignInWithEmailView.swift */ = {isa = PBXFileReference; lastKnownFileType = sourcecode.swift; path = SignInWithEmailView.swift; sourceTree = "<group>"; };
/* End PBXFileReference section */

/* Begin PBXFrameworksBuildPhase section */
		1F8E0E6B28C229BC00C65950 /* Frameworks */ = {
			isa = PBXFrameworksBuildPhase;
			buildActionMask = 2147483647;
			files = (
			);
			runOnlyForDeploymentPostprocessing = 0;
		};
/* End PBXFrameworksBuildPhase section */

/* Begin PBXGroup section */
		1F061B2B28D0DD8F006C6D1E /* ViewModels */ = {
			isa = PBXGroup;
			children = (
				1F061B2C28D0DDB3006C6D1E /* OTPViewModel.swift */,
				1F061B3028D3412A006C6D1E /* CountDownViewModel.swift */,
			);
			path = ViewModels;
			sourceTree = "<group>";
		};
		1F8E0E6528C229BC00C65950 = {
			isa = PBXGroup;
			children = (
				1F8E0E7028C229BC00C65950 /* PushCoin */,
				1F8E0E6F28C229BC00C65950 /* Products */,
			);
			sourceTree = "<group>";
		};
		1F8E0E6F28C229BC00C65950 /* Products */ = {
			isa = PBXGroup;
			children = (
				1F8E0E6E28C229BC00C65950 /* PushCoin.app */,
			);
			name = Products;
			sourceTree = "<group>";
		};
		1F8E0E7028C229BC00C65950 /* PushCoin */ = {
			isa = PBXGroup;
			children = (
				1F8E0E7128C229BC00C65950 /* PushCoinApp.swift */,
				1F8E0E7328C229BC00C65950 /* ContentView.swift */,
				1FAD2F3828DBA525003F84F1 /* Map */,
				1F061B2B28D0DD8F006C6D1E /* ViewModels */,
				1F8E0E8028C237E900C65950 /* Views */,
				1F8E0E8928C51F7400C65950 /* Redux */,
				1FDA232B28CF797100B2BD5B /* Models */,
				1FDA230328CA15A400B2BD5B /* Core */,
				1F8E0E7528C229BD00C65950 /* Assets.xcassets */,
				1F8E0E7F28C22B3700C65950 /* Info.plist */,
				1F8E0E7728C229BD00C65950 /* Preview Content */,
			);
			path = PushCoin;
			sourceTree = "<group>";
		};
		1F8E0E7728C229BD00C65950 /* Preview Content */ = {
			isa = PBXGroup;
			children = (
				1F8E0E7828C229BD00C65950 /* Preview Assets.xcassets */,
			);
			path = "Preview Content";
			sourceTree = "<group>";
		};
		1F8E0E8028C237E900C65950 /* Views */ = {
			isa = PBXGroup;
			children = (
				1FDA230C28CA1F5C00B2BD5B /* Components */,
				1FDA22F828C77DB100B2BD5B /* Landing */,
				1FDA22F728C77D9200B2BD5B /* Main */,
				1FBB55C928C76304009E3E7E /* RootView.swift */,
				1F8E0E8728C2C2E800C65950 /* LandingView.swift */,
				1F8E0E8528C2B9E100C65950 /* MainView.swift */,
			);
			path = Views;
			sourceTree = "<group>";
		};
		1F8E0E8928C51F7400C65950 /* Redux */ = {
			isa = PBXGroup;
			children = (
				1FDA22F528C77CD900B2BD5B /* Redux.swift */,
				1F8E0EA228C52DCD00C65950 /* Store */,
				1F8E0E9F28C522D100C65950 /* Actions */,
				1F8E0EA028C5234400C65950 /* States */,
				1F8E0EA128C5236100C65950 /* Reducers */,
			);
			path = Redux;
			sourceTree = "<group>";
		};
		1F8E0E9F28C522D100C65950 /* Actions */ = {
			isa = PBXGroup;
			children = (
				1F8E0E9628C520DE00C65950 /* CounterAction.swift */,
				1FDA22F928C8A71B00B2BD5B /* PageAction.swift */,
				1F061B3228D3C029006C6D1E /* AuthAction.swift */,
			);
			path = Actions;
			sourceTree = "<group>";
		};
		1F8E0EA028C5234400C65950 /* States */ = {
			isa = PBXGroup;
			children = (
				1F8E0E9228C5206900C65950 /* AppState.swift */,
				1F8E0E9028C5204500C65950 /* CounterState.swift */,
				1FDA22FB28C8A78000B2BD5B /* PageState.swift */,
				1F061B3428D3C12F006C6D1E /* AuthState.swift */,
			);
			path = States;
			sourceTree = "<group>";
		};
		1F8E0EA128C5236100C65950 /* Reducers */ = {
			isa = PBXGroup;
			children = (
				1F8E0E9428C5208000C65950 /* RootReducer.swift */,
				1F8E0E9828C520FA00C65950 /* CounterReducer.swift */,
				1FDA22FD28C8A81400B2BD5B /* PageReducer.swift */,
				1F061B3628D3C202006C6D1E /* AuthReducer.swift */,
			);
			path = Reducers;
			sourceTree = "<group>";
		};
		1F8E0EA228C52DCD00C65950 /* Store */ = {
			isa = PBXGroup;
			children = (
				1F8E0E8E28C5200400C65950 /* Store.swift */,
			);
			path = Store;
			sourceTree = "<group>";
		};
		1FAD2F2D28DA1D99003F84F1 /* Home */ = {
			isa = PBXGroup;
			children = (
				1FAD2F3028DA599A003F84F1 /* HomeSectionsView.swift */,
				1FAD2F3228DA5A15003F84F1 /* HomeSectionItemView.swift */,
				1FAD2F3428DA5A9D003F84F1 /* HomeSectionDetailView.swift */,
				1FAD2F3628DA5B5D003F84F1 /* HomeContentView.swift */,
			);
			path = Home;
			sourceTree = "<group>";
		};
		1FAD2F3828DBA525003F84F1 /* Map */ = {
			isa = PBXGroup;
			children = (
				1FAD2F3928DBA53E003F84F1 /* MapCoordinator.swift */,
				1FAD2F3B28DBA588003F84F1 /* MapView.swift */,
				1FAD2F3D28DBA607003F84F1 /* LocationManager.swift */,
			);
			path = Map;
			sourceTree = "<group>";
		};
		1FDA22F728C77D9200B2BD5B /* Main */ = {
			isa = PBXGroup;
			children = (
				1FAD2F2D28DA1D99003F84F1 /* Home */,
				1F8E0E8128C2380600C65950 /* HoleTapBarView.swift */,
				1F061B3828D8D2A1006C6D1E /* HomePageView.swift */,
				1FAD2F3F28DBAD57003F84F1 /* MapPageView.swift */,
			);
			path = Main;
			sourceTree = "<group>";
		};
		1FDA22F828C77DB100B2BD5B /* Landing */ = {
			isa = PBXGroup;
			children = (
				1FDA22FF28CA088D00B2BD5B /* SocialPlateView.swift */,
				1FDA231828CA3FC200B2BD5B /* SignUpView.swift */,
				1FDA231A28CA412A00B2BD5B /* SignUpWithEmailView.swift */,
				1FDA232528CF44D300B2BD5B /* SignInWithEmailView.swift */,
				1F061B2E28D0DE7D006C6D1E /* OTPVerificationView.swift */,
			);
			path = Landing;
			sourceTree = "<group>";
		};
		1FDA230328CA15A400B2BD5B /* Core */ = {
			isa = PBXGroup;
			children = (
				1FDA230F28CA24F500B2BD5B /* Styles */,
				1FDA230428CA15B000B2BD5B /* Extensions */,
				1FDA231628CA3D8900B2BD5B /* Core.swift */,
			);
			path = Core;
			sourceTree = "<group>";
		};
		1FDA230428CA15B000B2BD5B /* Extensions */ = {
			isa = PBXGroup;
			children = (
				1FDA230A28CA1A4500B2BD5B /* ColorExtension.swift */,
				1F061B3A28D9D3F9006C6D1E /* ViewExtension.swift */,
			);
			path = Extensions;
			sourceTree = "<group>";
		};
		1FDA230C28CA1F5C00B2BD5B /* Components */ = {
			isa = PBXGroup;
			children = (
				1FDA232028CA859B00B2BD5B /* Styles */,
				1FDA230D28CA1F7800B2BD5B /* LabelledDividerView.swift */,
				1FDA231C28CA4A4900B2BD5B /* EyeSecureField.swift */,
			);
			path = Components;
			sourceTree = "<group>";
		};
		1FDA230F28CA24F500B2BD5B /* Styles */ = {
			isa = PBXGroup;
			children = (
				1FDA231028CA250600B2BD5B /* Color.swift */,
				1FDA231228CA2C1B00B2BD5B /* Font.swift */,
				1FDA231428CA329700B2BD5B /* Geometry.swift */,
			);
			path = Styles;
			sourceTree = "<group>";
		};
		1FDA232028CA859B00B2BD5B /* Styles */ = {
			isa = PBXGroup;
			children = (
				1FDA232128CA85B200B2BD5B /* CapsuleFieldStyle.swift */,
			);
			path = Styles;
			sourceTree = "<group>";
		};
		1FDA232B28CF797100B2BD5B /* Models */ = {
			isa = PBXGroup;
			children = (
				1FAD2F2E28DA57FA003F84F1 /* SectionModel.swift */,
			);
			path = Models;
			sourceTree = "<group>";
		};
/* End PBXGroup section */

/* Begin PBXNativeTarget section */
		1F8E0E6D28C229BC00C65950 /* PushCoin */ = {
			isa = PBXNativeTarget;
			buildConfigurationList = 1F8E0E7C28C229BD00C65950 /* Build configuration list for PBXNativeTarget "PushCoin" */;
			buildPhases = (
				1F8E0E6A28C229BC00C65950 /* Sources */,
				1F8E0E6B28C229BC00C65950 /* Frameworks */,
				1F8E0E6C28C229BC00C65950 /* Resources */,
			);
			buildRules = (
			);
			dependencies = (
			);
			name = PushCoin;
			packageProductDependencies = (
			);
			productName = PushCoin;
			productReference = 1F8E0E6E28C229BC00C65950 /* PushCoin.app */;
			productType = "com.apple.product-type.application";
		};
/* End PBXNativeTarget section */

/* Begin PBXProject section */
		1F8E0E6628C229BC00C65950 /* Project object */ = {
			isa = PBXProject;
			attributes = {
				BuildIndependentTargetsInParallel = 1;
				LastSwiftUpdateCheck = 1320;
				LastUpgradeCheck = 1320;
				TargetAttributes = {
					1F8E0E6D28C229BC00C65950 = {
						CreatedOnToolsVersion = 13.2.1;
					};
				};
			};
			buildConfigurationList = 1F8E0E6928C229BC00C65950 /* Build configuration list for PBXProject "PushCoin" */;
			compatibilityVersion = "Xcode 13.0";
			developmentRegion = en;
			hasScannedForEncodings = 0;
			knownRegions = (
				en,
				Base,
			);
			mainGroup = 1F8E0E6528C229BC00C65950;
			packageReferences = (
			);
			productRefGroup = 1F8E0E6F28C229BC00C65950 /* Products */;
			projectDirPath = "";
			projectRoot = "";
			targets = (
				1F8E0E6D28C229BC00C65950 /* PushCoin */,
			);
		};
/* End PBXProject section */

/* Begin PBXResourcesBuildPhase section */
		1F8E0E6C28C229BC00C65950 /* Resources */ = {
			isa = PBXResourcesBuildPhase;
			buildActionMask = 2147483647;
			files = (
				1F8E0E7928C229BD00C65950 /* Preview Assets.xcassets in Resources */,
				1F8E0E7628C229BD00C65950 /* Assets.xcassets in Resources */,
			);
			runOnlyForDeploymentPostprocessing = 0;
		};
/* End PBXResourcesBuildPhase section */

/* Begin PBXSourcesBuildPhase section */
		1F8E0E6A28C229BC00C65950 /* Sources */ = {
			isa = PBXSourcesBuildPhase;
			buildActionMask = 2147483647;
			files = (
				1FDA230028CA088E00B2BD5B /* SocialPlateView.swift in Sources */,
				1F8E0E7228C229BC00C65950 /* PushCoinApp.swift in Sources */,
				1FAD2F3528DA5A9D003F84F1 /* HomeSectionDetailView.swift in Sources */,
				1F061B3728D3C202006C6D1E /* AuthReducer.swift in Sources */,
				1FDA22FE28C8A81400B2BD5B /* PageReducer.swift in Sources */,
				1F061B2F28D0DE7D006C6D1E /* OTPVerificationView.swift in Sources */,
				1F061B3528D3C12F006C6D1E /* AuthState.swift in Sources */,
				1F8E0E9528C5208000C65950 /* RootReducer.swift in Sources */,
				1FDA22F628C77CD900B2BD5B /* Redux.swift in Sources */,
				1FAD2F3A28DBA53F003F84F1 /* MapCoordinator.swift in Sources */,
				1FAD2F2F28DA57FA003F84F1 /* SectionModel.swift in Sources */,
				1FDA232628CF44D400B2BD5B /* SignInWithEmailView.swift in Sources */,
				1FAD2F3328DA5A15003F84F1 /* HomeSectionItemView.swift in Sources */,
				1F8E0E9328C5206900C65950 /* AppState.swift in Sources */,
				1FDA231728CA3D8900B2BD5B /* Core.swift in Sources */,
				1F8E0E9128C5204500C65950 /* CounterState.swift in Sources */,
				1FAD2F3128DA599A003F84F1 /* HomeSectionsView.swift in Sources */,
				1F8E0E9728C520DE00C65950 /* CounterAction.swift in Sources */,
				1F8E0E8F28C5200400C65950 /* Store.swift in Sources */,
				1FBB55CA28C76304009E3E7E /* RootView.swift in Sources */,
				1FAD2F3728DA5B5D003F84F1 /* HomeContentView.swift in Sources */,
				1FDA231128CA250600B2BD5B /* Color.swift in Sources */,
				1FDA22FC28C8A78000B2BD5B /* PageState.swift in Sources */,
				1FDA231328CA2C1B00B2BD5B /* Font.swift in Sources */,
				1F061B3B28D9D3F9006C6D1E /* ViewExtension.swift in Sources */,
				1FAD2F3C28DBA588003F84F1 /* MapView.swift in Sources */,
				1FDA231528CA329700B2BD5B /* Geometry.swift in Sources */,
				1F061B3928D8D2A2006C6D1E /* HomePageView.swift in Sources */,
				1FAD2F4028DBAD57003F84F1 /* MapPageView.swift in Sources */,
				1FDA231B28CA412A00B2BD5B /* SignUpWithEmailView.swift in Sources */,
				1F061B3128D3412B006C6D1E /* CountDownViewModel.swift in Sources */,
				1F8E0E8828C2C2E800C65950 /* LandingView.swift in Sources */,
				1FDA232228CA85B200B2BD5B /* CapsuleFieldStyle.swift in Sources */,
				1FDA231928CA3FC200B2BD5B /* SignUpView.swift in Sources */,
				1FDA22FA28C8A71C00B2BD5B /* PageAction.swift in Sources */,
				1F8E0E7428C229BC00C65950 /* ContentView.swift in Sources */,
				1FDA231D28CA4A4A00B2BD5B /* EyeSecureField.swift in Sources */,
				1FAD2F3E28DBA607003F84F1 /* LocationManager.swift in Sources */,
				1F8E0E9928C520FA00C65950 /* CounterReducer.swift in Sources */,
				1F061B2D28D0DDB3006C6D1E /* OTPViewModel.swift in Sources */,
				1F061B3328D3C029006C6D1E /* AuthAction.swift in Sources */,
				1FDA230E28CA1F7800B2BD5B /* LabelledDividerView.swift in Sources */,
				1F8E0E8228C2380600C65950 /* HoleTapBarView.swift in Sources */,
				1F8E0E8628C2B9E100C65950 /* MainView.swift in Sources */,
				1FDA230B28CA1A4500B2BD5B /* ColorExtension.swift in Sources */,
			);
			runOnlyForDeploymentPostprocessing = 0;
		};
/* End PBXSourcesBuildPhase section */

/* Begin XCBuildConfiguration section */
		1F8E0E7A28C229BD00C65950 /* Debug */ = {
			isa = XCBuildConfiguration;
			buildSettings = {
				ALWAYS_SEARCH_USER_PATHS = NO;
				CLANG_ANALYZER_NONNULL = YES;
				CLANG_ANALYZER_NUMBER_OBJECT_CONVERSION = YES_AGGRESSIVE;
				CLANG_CXX_LANGUAGE_STANDARD = "gnu++17";
				CLANG_CXX_LIBRARY = "libc++";
				CLANG_ENABLE_MODULES = YES;
				CLANG_ENABLE_OBJC_ARC = YES;
				CLANG_ENABLE_OBJC_WEAK = YES;
				CLANG_WARN_BLOCK_CAPTURE_AUTORELEASING = YES;
				CLANG_WARN_BOOL_CONVERSION = YES;
				CLANG_WARN_COMMA = YES;
				CLANG_WARN_CONSTANT_CONVERSION = YES;
				CLANG_WARN_DEPRECATED_OBJC_IMPLEMENTATIONS = YES;
				CLANG_WARN_DIRECT_OBJC_ISA_USAGE = YES_ERROR;
				CLANG_WARN_DOCUMENTATION_COMMENTS = YES;
				CLANG_WARN_EMPTY_BODY = YES;
				CLANG_WARN_ENUM_CONVERSION = YES;
				CLANG_WARN_INFINITE_RECURSION = YES;
				CLANG_WARN_INT_CONVERSION = YES;
				CLANG_WARN_NON_LITERAL_NULL_CONVERSION = YES;
				CLANG_WARN_OBJC_IMPLICIT_RETAIN_SELF = YES;
				CLANG_WARN_OBJC_LITERAL_CONVERSION = YES;
				CLANG_WARN_OBJC_ROOT_CLASS = YES_ERROR;
				CLANG_WARN_QUOTED_INCLUDE_IN_FRAMEWORK_HEADER = YES;
				CLANG_WARN_RANGE_LOOP_ANALYSIS = YES;
				CLANG_WARN_STRICT_PROTOTYPES = YES;
				CLANG_WARN_SUSPICIOUS_MOVE = YES;
				CLANG_WARN_UNGUARDED_AVAILABILITY = YES_AGGRESSIVE;
				CLANG_WARN_UNREACHABLE_CODE = YES;
				CLANG_WARN__DUPLICATE_METHOD_MATCH = YES;
				COPY_PHASE_STRIP = NO;
				DEBUG_INFORMATION_FORMAT = dwarf;
				ENABLE_STRICT_OBJC_MSGSEND = YES;
				ENABLE_TESTABILITY = YES;
				GCC_C_LANGUAGE_STANDARD = gnu11;
				GCC_DYNAMIC_NO_PIC = NO;
				GCC_NO_COMMON_BLOCKS = YES;
				GCC_OPTIMIZATION_LEVEL = 0;
				GCC_PREPROCESSOR_DEFINITIONS = (
					"DEBUG=1",
					"$(inherited)",
				);
				GCC_WARN_64_TO_32_BIT_CONVERSION = YES;
				GCC_WARN_ABOUT_RETURN_TYPE = YES_ERROR;
				GCC_WARN_UNDECLARED_SELECTOR = YES;
				GCC_WARN_UNINITIALIZED_AUTOS = YES_AGGRESSIVE;
				GCC_WARN_UNUSED_FUNCTION = YES;
				GCC_WARN_UNUSED_VARIABLE = YES;
				IPHONEOS_DEPLOYMENT_TARGET = 15.2;
				MTL_ENABLE_DEBUG_INFO = INCLUDE_SOURCE;
				MTL_FAST_MATH = YES;
				ONLY_ACTIVE_ARCH = YES;
				SDKROOT = iphoneos;
				SWIFT_ACTIVE_COMPILATION_CONDITIONS = DEBUG;
				SWIFT_OPTIMIZATION_LEVEL = "-Onone";
			};
			name = Debug;
		};
		1F8E0E7B28C229BD00C65950 /* Release */ = {
			isa = XCBuildConfiguration;
			buildSettings = {
				ALWAYS_SEARCH_USER_PATHS = NO;
				CLANG_ANALYZER_NONNULL = YES;
				CLANG_ANALYZER_NUMBER_OBJECT_CONVERSION = YES_AGGRESSIVE;
				CLANG_CXX_LANGUAGE_STANDARD = "gnu++17";
				CLANG_CXX_LIBRARY = "libc++";
				CLANG_ENABLE_MODULES = YES;
				CLANG_ENABLE_OBJC_ARC = YES;
				CLANG_ENABLE_OBJC_WEAK = YES;
				CLANG_WARN_BLOCK_CAPTURE_AUTORELEASING = YES;
				CLANG_WARN_BOOL_CONVERSION = YES;
				CLANG_WARN_COMMA = YES;
				CLANG_WARN_CONSTANT_CONVERSION = YES;
				CLANG_WARN_DEPRECATED_OBJC_IMPLEMENTATIONS = YES;
				CLANG_WARN_DIRECT_OBJC_ISA_USAGE = YES_ERROR;
				CLANG_WARN_DOCUMENTATION_COMMENTS = YES;
				CLANG_WARN_EMPTY_BODY = YES;
				CLANG_WARN_ENUM_CONVERSION = YES;
				CLANG_WARN_INFINITE_RECURSION = YES;
				CLANG_WARN_INT_CONVERSION = YES;
				CLANG_WARN_NON_LITERAL_NULL_CONVERSION = YES;
				CLANG_WARN_OBJC_IMPLICIT_RETAIN_SELF = YES;
				CLANG_WARN_OBJC_LITERAL_CONVERSION = YES;
				CLANG_WARN_OBJC_ROOT_CLASS = YES_ERROR;
				CLANG_WARN_QUOTED_INCLUDE_IN_FRAMEWORK_HEADER = YES;
				CLANG_WARN_RANGE_LOOP_ANALYSIS = YES;
				CLANG_WARN_STRICT_PROTOTYPES = YES;
				CLANG_WARN_SUSPICIOUS_MOVE = YES;
				CLANG_WARN_UNGUARDED_AVAILABILITY = YES_AGGRESSIVE;
				CLANG_WARN_UNREACHABLE_CODE = YES;
				CLANG_WARN__DUPLICATE_METHOD_MATCH = YES;
				COPY_PHASE_STRIP = NO;
				DEBUG_INFORMATION_FORMAT = "dwarf-with-dsym";
				ENABLE_NS_ASSERTIONS = NO;
				ENABLE_STRICT_OBJC_MSGSEND = YES;
				GCC_C_LANGUAGE_STANDARD = gnu11;
				GCC_NO_COMMON_BLOCKS = YES;
				GCC_WARN_64_TO_32_BIT_CONVERSION = YES;
				GCC_WARN_ABOUT_RETURN_TYPE = YES_ERROR;
				GCC_WARN_UNDECLARED_SELECTOR = YES;
				GCC_WARN_UNINITIALIZED_AUTOS = YES_AGGRESSIVE;
				GCC_WARN_UNUSED_FUNCTION = YES;
				GCC_WARN_UNUSED_VARIABLE = YES;
				IPHONEOS_DEPLOYMENT_TARGET = 15.2;
				MTL_ENABLE_DEBUG_INFO = NO;
				MTL_FAST_MATH = YES;
				SDKROOT = iphoneos;
				SWIFT_COMPILATION_MODE = wholemodule;
				SWIFT_OPTIMIZATION_LEVEL = "-O";
				VALIDATE_PRODUCT = YES;
			};
			name = Release;
		};
		1F8E0E7D28C229BD00C65950 /* Debug */ = {
			isa = XCBuildConfiguration;
			buildSettings = {
				ASSETCATALOG_COMPILER_APPICON_NAME = AppIcon;
				ASSETCATALOG_COMPILER_GLOBAL_ACCENT_COLOR_NAME = AccentColor;
				CODE_SIGN_STYLE = Automatic;
				CURRENT_PROJECT_VERSION = 1;
				DEVELOPMENT_ASSET_PATHS = "\"PushCoin/Preview Content\"";
				DEVELOPMENT_TEAM = GBPS8WC3CU;
				ENABLE_PREVIEWS = YES;
				GENERATE_INFOPLIST_FILE = YES;
				INFOPLIST_FILE = PushCoin/Info.plist;
				INFOPLIST_KEY_NSLocationAlwaysAndWhenInUseUsageDescription = "App required use your location";
				INFOPLIST_KEY_NSLocationWhenInUseUsageDescription = "App required use your location";
				INFOPLIST_KEY_UIApplicationSceneManifest_Generation = YES;
				INFOPLIST_KEY_UIApplicationSupportsIndirectInputEvents = YES;
				INFOPLIST_KEY_UILaunchScreen_Generation = YES;
				INFOPLIST_KEY_UISupportedInterfaceOrientations = UIInterfaceOrientationPortrait;
				INFOPLIST_KEY_UISupportedInterfaceOrientations_iPhone = UIInterfaceOrientationPortrait;
				LD_RUNPATH_SEARCH_PATHS = (
					"$(inherited)",
					"@executable_path/Frameworks",
				);
				MARKETING_VERSION = 1.0;
				PRODUCT_BUNDLE_IDENTIFIER = com.dcoinbe.PushCoin;
				PRODUCT_NAME = "$(TARGET_NAME)";
				SWIFT_EMIT_LOC_STRINGS = YES;
				SWIFT_VERSION = 5.0;
				TARGETED_DEVICE_FAMILY = 1;
			};
			name = Debug;
		};
		1F8E0E7E28C229BD00C65950 /* Release */ = {
			isa = XCBuildConfiguration;
			buildSettings = {
				ASSETCATALOG_COMPILER_APPICON_NAME = AppIcon;
				ASSETCATALOG_COMPILER_GLOBAL_ACCENT_COLOR_NAME = AccentColor;
				CODE_SIGN_STYLE = Automatic;
				CURRENT_PROJECT_VERSION = 1;
				DEVELOPMENT_ASSET_PATHS = "\"PushCoin/Preview Content\"";
				DEVELOPMENT_TEAM = GBPS8WC3CU;
				ENABLE_PREVIEWS = YES;
				GENERATE_INFOPLIST_FILE = YES;
				INFOPLIST_FILE = PushCoin/Info.plist;
				INFOPLIST_KEY_NSLocationAlwaysAndWhenInUseUsageDescription = "App required use your location";
				INFOPLIST_KEY_NSLocationWhenInUseUsageDescription = "App required use your location";
				INFOPLIST_KEY_UIApplicationSceneManifest_Generation = YES;
				INFOPLIST_KEY_UIApplicationSupportsIndirectInputEvents = YES;
				INFOPLIST_KEY_UILaunchScreen_Generation = YES;
				INFOPLIST_KEY_UISupportedInterfaceOrientations = UIInterfaceOrientationPortrait;
				INFOPLIST_KEY_UISupportedInterfaceOrientations_iPhone = UIInterfaceOrientationPortrait;
				LD_RUNPATH_SEARCH_PATHS = (
					"$(inherited)",
					"@executable_path/Frameworks",
				);
				MARKETING_VERSION = 1.0;
				PRODUCT_BUNDLE_IDENTIFIER = com.dcoinbe.PushCoin;
				PRODUCT_NAME = "$(TARGET_NAME)";
				SWIFT_EMIT_LOC_STRINGS = YES;
				SWIFT_VERSION = 5.0;
				TARGETED_DEVICE_FAMILY = 1;
			};
			name = Release;
		};
/* End XCBuildConfiguration section */

/* Begin XCConfigurationList section */
		1F8E0E6928C229BC00C65950 /* Build configuration list for PBXProject "PushCoin" */ = {
			isa = XCConfigurationList;
			buildConfigurations = (
				1F8E0E7A28C229BD00C65950 /* Debug */,
				1F8E0E7B28C229BD00C65950 /* Release */,
			);
			defaultConfigurationIsVisible = 0;
			defaultConfigurationName = Release;
		};
		1F8E0E7C28C229BD00C65950 /* Build configuration list for PBXNativeTarget "PushCoin" */ = {
			isa = XCConfigurationList;
			buildConfigurations = (
				1F8E0E7D28C229BD00C65950 /* Debug */,
				1F8E0E7E28C229BD00C65950 /* Release */,
			);
			defaultConfigurationIsVisible = 0;
			defaultConfigurationName = Release;
		};
/* End XCConfigurationList section */
	};
	rootObject = 1F8E0E6628C229BC00C65950 /* Project object */;
}
